
Microsoft Visual Studio Solution File, Format Version 12.00
# Visual Studio Version 17
VisualStudioVersion = 17.6.33829.357
MinimumVisualStudioVersion = 10.0.40219.1
Project("{FAE04EC0-301F-11D3-BF4B-00C04F79EFBC}") = "Зоопарк", "Зоопарк\Зоопарк.csproj", "{2F328E9F-2AE5-4879-8779-5266AF67CF10}"
EndProject
Global
	GlobalSection(SolutionConfigurationPlatforms) = preSolution
		Debug|Any CPU = Debug|Any CPU
		Release|Any CPU = Release|Any CPU
	EndGlobalSection
	GlobalSection(ProjectConfigurationPlatforms) = postSolution
		{2F328E9F-2AE5-4879-8779-5266AF67CF10}.Debug|Any CPU.ActiveCfg = Debug|Any CPU
		{2F328E9F-2AE5-4879-8779-5266AF67CF10}.Debug|Any CPU.Build.0 = Debug|Any CPU
		{2F328E9F-2AE5-4879-8779-5266AF67CF10}.Release|Any CPU.ActiveCfg = Release|Any CPU
		{2F328E9F-2AE5-4879-8779-5266AF67CF10}.Release|Any CPU.Build.0 = Release|Any CPU
	EndGlobalSection
	GlobalSection(SolutionProperties) = preSolution
		HideSolutionNode = FALSE
	EndGlobalSection
	GlobalSection(ExtensibilityGlobals) = postSolution
		SolutionGuid = {E5A4CA13-B92D-40AF-B3A9-1AF4B15548E3}
	EndGlobalSection
EndGlobal
